{
  "name": "list-routes-next",
  "version": "1.0.2",
  "lockfileVersion": 3,
  "requires": true,
  "packages": {
    "": {
      "name": "list-routes-next",
      "version": "1.0.2",
      "dependencies": {
        "ignore": "^7.0.3",
        "list-paths": "1.0.2",
        "node-fs": "^0.1.7",
        "typescript": "latest"
      },
      "bin": {
        "find-imports-next": "dist/findImports.js",
        "find-route-file-next": "dist/findRoutePath.js",
        "generate-list-routes-next": "dist/generate.js"
      },
      "devDependencies": {
        "@types/node": "^20.10.7"
      }
    },
    "../../node_modules/.pnpm/@types+node@20.16.5/node_modules/@types/node": {
      "version": "20.16.5",
      "dev": true,
      "license": "MIT",
      "dependencies": {
        "undici-types": "~6.19.2"
      }
    },
    "../../node_modules/.pnpm/list-paths@1.0.2/node_modules/list-paths": {
      "version": "1.0.2",
      "license": "MIT",
      "devDependencies": {
        "@stryker-mutator/core": "^3.3.1",
        "@stryker-mutator/jest-runner": "^3.3.1",
        "@stryker-mutator/typescript": "^3.3.1",
        "@types/jest": "^26.0.7",
        "@types/mock-fs": "^4.10.0",
        "@types/node": "^14.0.27",
        "@typescript-eslint/eslint-plugin": "^3.7.1",
        "@typescript-eslint/parser": "^3.7.1",
        "eslint": "^7.5.0",
        "eslint-config-standard": "^14.1.1",
        "eslint-plugin-import": "^2.22.0",
        "eslint-plugin-node": "^11.1.0",
        "eslint-plugin-promise": "^4.2.1",
        "eslint-plugin-standard": "^4.0.1",
        "jest": "^26.2.1",
        "mock-fs": "^4.12.0",
        "ts-jest": "^26.1.4",
        "typescript": "^3.9.7"
      }
    },
    "../../node_modules/.pnpm/node-fs@0.1.7/node_modules/node-fs": {
      "version": "0.1.7",
      "os": [
        "linux",
        "darwin",
        "freebsd",
        "win32",
        "smartos",
        "sunos"
      ],
      "devDependencies": {
        "expresso": "*"
      },
      "engines": {
        "node": ">=0.1.97"
      }
    },
    "node_modules/@types/node": {
      "resolved": "../../node_modules/.pnpm/@types+node@20.16.5/node_modules/@types/node",
      "link": true
    },
    "node_modules/ignore": {
      "version": "7.0.3",
      "resolved": "https://registry.npmjs.org/ignore/-/ignore-7.0.3.tgz",
      "integrity": "sha512-bAH5jbK/F3T3Jls4I0SO1hmPR0dKU0a7+SY6n1yzRtG54FLO8d6w/nxLFX2Nb7dBu6cCWXPaAME6cYqFUMmuCA==",
      "license": "MIT",
      "engines": {
        "node": ">= 4"
      }
    },
    "node_modules/list-paths": {
      "resolved": "../../node_modules/.pnpm/list-paths@1.0.2/node_modules/list-paths",
      "link": true
    },
    "node_modules/node-fs": {
      "resolved": "../../node_modules/.pnpm/node-fs@0.1.7/node_modules/node-fs",
      "link": true
    },
    "node_modules/typescript": {
      "version": "5.7.3",
      "resolved": "https://registry.npmjs.org/typescript/-/typescript-5.7.3.tgz",
      "integrity": "sha512-84MVSjMEHP+FQRPy3pX9sTVV/INIex71s9TL2Gm5FG/WG1SqXeKyZ0k7/blY/4FdOzI12CBy1vGc4og/eus0fw==",
      "license": "Apache-2.0",
      "bin": {
        "tsc": "bin/tsc",
        "tsserver": "bin/tsserver"
      },
      "engines": {
        "node": ">=14.17"
      }
    }
  }
}
